<?xml version="1.0" encoding="utf-8"?>
<Project ToolsVersion="4.0" xmlns="http://schemas.microsoft.com/developer/msbuild/2003">
  <ItemGroup>
    <Filter Include="Source Files">
      <UniqueIdentifier>{4FC737F1-C7A5-4376-A066-2A32D752A2FF}</UniqueIdentifier>
      <Extensions>cpp;c;cc;cxx;def;odl;idl;hpj;bat;asm;asmx</Extensions>
    </Filter>
    <Filter Include="Header Files">
      <UniqueIdentifier>{93995380-89BD-4b04-88EB-625FBE52EBFB}</UniqueIdentifier>
      <Extensions>h;hh;hpp;hxx;hm;inl;inc;ipp;xsd</Extensions>
    </Filter>
    <Filter Include="Resource Files">
      <UniqueIdentifier>{67DA6AB6-F800-4c08-8B7A-83BB121AAD01}</UniqueIdentifier>
      <Extensions>rc;ico;cur;bmp;dlg;rc2;rct;bin;rgs;gif;jpg;jpeg;jpe;resx;tiff;tif;png;wav;mfcribbon-ms</Extensions>
    </Filter>
  </ItemGroup>
  <ItemGroup>
    <ClCompile Include="crt\MemSetTest.cpp">
      <Filter>Source Files</Filter>
    </ClCompile>
    <ClCompile Include="crt\AtoiTest.cpp">
      <Filter>Source Files</Filter>
    </ClCompile>
    <ClCompile Include="crt\FtoaTest.cpp">
      <Filter>Source Files</Filter>
    </ClCompile>
    <ClCompile Include="crt\GetFirstNonRepeatedCharTest.cpp">
      <Filter>Source Files</Filter>
    </ClCompile>
    <ClCompile Include="crt\HexStrToUiTst.cpp">
      <Filter>Source Files</Filter>
    </ClCompile>
    <ClCompile Include="crt\InsertStrTest.cpp">
      <Filter>Source Files</Filter>
    </ClCompile>
    <ClCompile Include="crt\ItoaTest.cpp">
      <Filter>Source Files</Filter>
    </ClCompile>
    <ClCompile Include="crt\ItoStrBinTest.cpp">
      <Filter>Source Files</Filter>
    </ClCompile>
    <ClCompile Include="crt\ItoStrHexTest.cpp">
      <Filter>Source Files</Filter>
    </ClCompile>
    <ClCompile Include="crt\MemCpyTest.cpp">
      <Filter>Source Files</Filter>
    </ClCompile>
    <ClCompile Include="crt\MemMoveTest.cpp">
      <Filter>Source Files</Filter>
    </ClCompile>
    <ClCompile Include="crt\AtofTest.cpp">
      <Filter>Source Files</Filter>
    </ClCompile>
    <ClCompile Include="crt\RemCharsTest.cpp">
      <Filter>Source Files</Filter>
    </ClCompile>
    <ClCompile Include="crt\RemStrTest.cpp">
      <Filter>Source Files</Filter>
    </ClCompile>
    <ClCompile Include="crt\RevStrTest.cpp">
      <Filter>Source Files</Filter>
    </ClCompile>
    <ClCompile Include="crt\RevSubStrTest.cpp">
      <Filter>Source Files</Filter>
    </ClCompile>
    <ClCompile Include="crt\RevWrdTest.cpp">
      <Filter>Source Files</Filter>
    </ClCompile>
    <ClCompile Include="crt\RotCharsTest.cpp">
      <Filter>Source Files</Filter>
    </ClCompile>
    <ClCompile Include="crt\RotNStrTest.cpp">
      <Filter>Source Files</Filter>
    </ClCompile>
    <ClCompile Include="crt\RotStrTest.cpp">
      <Filter>Source Files</Filter>
    </ClCompile>
    <ClCompile Include="crt\StrCatTest.cpp">
      <Filter>Source Files</Filter>
    </ClCompile>
    <ClCompile Include="crt\StrChrTest.cpp">
      <Filter>Source Files</Filter>
    </ClCompile>
    <ClCompile Include="crt\StrCmpTest.cpp">
      <Filter>Source Files</Filter>
    </ClCompile>
    <ClCompile Include="crt\StrCpyTest.cpp">
      <Filter>Source Files</Filter>
    </ClCompile>
    <ClCompile Include="crt\StrICmpTest.cpp">
      <Filter>Source Files</Filter>
    </ClCompile>
    <ClCompile Include="crt\StrLenTest.cpp">
      <Filter>Source Files</Filter>
    </ClCompile>
    <ClCompile Include="crt\StrNCatTest.cpp">
      <Filter>Source Files</Filter>
    </ClCompile>
    <ClCompile Include="crt\StrNCmpTest.cpp">
      <Filter>Source Files</Filter>
    </ClCompile>
    <ClCompile Include="crt\StrNCpyTest.cpp">
      <Filter>Source Files</Filter>
    </ClCompile>
    <ClCompile Include="crt\StrRChrTest.cpp">
      <Filter>Source Files</Filter>
    </ClCompile>
    <ClCompile Include="crt\StrSpnTest.cpp">
      <Filter>Source Files</Filter>
    </ClCompile>
    <ClCompile Include="crt\StrStrTest.cpp">
      <Filter>Source Files</Filter>
    </ClCompile>
    <ClCompile Include="crt\SwapCharsTest.cpp">
      <Filter>Source Files</Filter>
    </ClCompile>
    <ClCompile Include="crt\ToLowerTest.cpp">
      <Filter>Source Files</Filter>
    </ClCompile>
    <ClCompile Include="crt\ToUpperTest.cpp">
      <Filter>Source Files</Filter>
    </ClCompile>
    <ClCompile Include="arrays\PrintBitsTest.cpp">
      <Filter>Source Files</Filter>
    </ClCompile>
    <ClCompile Include="arrays\VectorInfoTest.cpp">
      <Filter>Source Files</Filter>
    </ClCompile>
    <ClCompile Include="arrays\CompressArrayTest.cpp">
      <Filter>Source Files</Filter>
    </ClCompile>
    <ClCompile Include="arrays\CompressArrayExTest.cpp">
      <Filter>Source Files</Filter>
    </ClCompile>
    <ClCompile Include="arrays\CopyArraysTest.cpp">
      <Filter>Source Files</Filter>
    </ClCompile>
    <ClCompile Include="arrays\GetDupTest.cpp">
      <Filter>Source Files</Filter>
    </ClCompile>
    <ClCompile Include="arrays\GetContiguousDup_n_formulaTest.cpp">
      <Filter>Source Files</Filter>
    </ClCompile>
    <ClCompile Include="arrays\GetContiguousDup_nlogn_loopTest.cpp">
      <Filter>Source Files</Filter>
    </ClCompile>
    <ClCompile Include="arrays\GetContiguousDup_nlogn_recursiveTest.cpp">
      <Filter>Source Files</Filter>
    </ClCompile>
    <ClCompile Include="exercises\GetWrittenAmountTest.cpp">
      <Filter>Source Files</Filter>
    </ClCompile>
    <ClCompile Include="arrays\GetBitSetCountTest.cpp">
      <Filter>Source Files</Filter>
    </ClCompile>
  </ItemGroup>
</Project>